<?xml version="1.0" encoding="utf-8"?>
<Project ToolsVersion="4.0" xmlns="http://schemas.microsoft.com/developer/msbuild/2003">
  <ItemGroup>
    <Filter Include="Controller">
      <UniqueIdentifier>{ab0ee835-dc87-4ad6-9b9a-baf489ed5729}</UniqueIdentifier>
    </Filter>
    <Filter Include="Model">
      <UniqueIdentifier>{05b1e80a-108f-47b5-89bc-37fe550db52e}</UniqueIdentifier>
    </Filter>
    <Filter Include="View">
      <UniqueIdentifier>{4e8859ad-6a09-4ad8-a0fb-69525a6b734b}</UniqueIdentifier>
    </Filter>
    <Filter Include="Utils">
      <UniqueIdentifier>{0952e3b5-41d6-48af-b372-9180d19584bc}</UniqueIdentifier>
    </Filter>
    <Filter Include="Model\Scenes">
      <UniqueIdentifier>{f7be73a7-59d5-43b8-9434-6a68669bc0ae}</UniqueIdentifier>
    </Filter>
    <Filter Include="Model\Player">
      <UniqueIdentifier>{5bf176d7-44fc-41b2-b683-49c9c21edb71}</UniqueIdentifier>
    </Filter>
  </ItemGroup>
  <ItemGroup>
    <ClCompile Include="Main.cpp" />
    <ClCompile Include="Button.cpp">
      <Filter>Model</Filter>
    </ClCompile>
    <ClCompile Include="GameScene.cpp">
      <Filter>Model\Scenes</Filter>
    </ClCompile>
    <ClCompile Include="MenuScene.cpp">
      <Filter>Model\Scenes</Filter>
    </ClCompile>
    <ClCompile Include="Player.cpp">
      <Filter>Model\Player</Filter>
    </ClCompile>
    <ClCompile Include="Bullets.cpp">
      <Filter>Model\Player</Filter>
    </ClCompile>
  </ItemGroup>
  <ItemGroup>
    <ClInclude Include="GameEngine.h">
      <Filter>Controller</Filter>
    </ClInclude>
    <ClInclude Include="Constants.h">
      <Filter>Model</Filter>
    </ClInclude>
    <ClInclude Include="Window.h">
      <Filter>View</Filter>
    </ClInclude>
    <ClInclude Include="System.h">
      <Filter>Utils</Filter>
    </ClInclude>
    <ClInclude Include="Assert.h">
      <Filter>Utils</Filter>
    </ClInclude>
    <ClInclude Include="Render.h">
      <Filter>View</Filter>
    </ClInclude>
    <ClInclude Include="Transform.h">
      <Filter>Model</Filter>
    </ClInclude>
    <ClInclude Include="Resource.h">
      <Filter>Utils</Filter>
    </ClInclude>
    <ClInclude Include="Color.h">
      <Filter>Model</Filter>
    </ClInclude>
    <ClInclude Include="ID.h">
      <Filter>Model</Filter>
    </ClInclude>
    <ClInclude Include="SceneManager.h">
      <Filter>Controller</Filter>
    </ClInclude>
    <ClInclude Include="Scene.h">
      <Filter>Model</Filter>
    </ClInclude>
    <ClInclude Include="Sprite.h">
      <Filter>Model</Filter>
    </ClInclude>
    <ClInclude Include="Button.h">
      <Filter>Model</Filter>
    </ClInclude>
    <ClInclude Include="GUI.h">
      <Filter>Model</Filter>
    </ClInclude>
    <ClInclude Include="Logger.h">
      <Filter>Utils</Filter>
    </ClInclude>
    <ClInclude Include="InputManager.h">
      <Filter>Controller</Filter>
    </ClInclude>
    <ClInclude Include="TimeManager.h">
      <Filter>Controller</Filter>
    </ClInclude>
    <ClInclude Include="GameScene.h">
      <Filter>Model\Scenes</Filter>
    </ClInclude>
    <ClInclude Include="MenuScene.h">
      <Filter>Model\Scenes</Filter>
    </ClInclude>
    <ClInclude Include="Vector2D.h">
      <Filter>Utils</Filter>
    </ClInclude>
    <ClInclude Include="Player.h">
      <Filter>Model\Player</Filter>
    </ClInclude>
    <ClInclude Include="Bullets.h">
      <Filter>Model\Player</Filter>
    </ClInclude>
  </ItemGroup>
</Project>